
Microsoft Visual Studio Solution File, Format Version 12.00
# Visual Studio 2012
Project("{FAE04EC0-301F-11D3-BF4B-00C04F79EFBC}") = "Change Management", "ApplicationSftwrEngineering\Change Management.csproj", "{46040342-728C-44CA-BEF4-31671AA0B583}"
EndProject
Global
	GlobalSection(SolutionConfigurationPlatforms) = preSolution
		Debug|Any CPU = Debug|Any CPU
		Release|Any CPU = Release|Any CPU
	EndGlobalSection
	GlobalSection(ProjectConfigurationPlatforms) = postSolution
		{46040342-728C-44CA-BEF4-31671AA0B583}.Debug|Any CPU.ActiveCfg = Debug|Any CPU
		{46040342-728C-44CA-BEF4-31671AA0B583}.Debug|Any CPU.Build.0 = Debug|Any CPU
		{46040342-728C-44CA-BEF4-31671AA0B583}.Release|Any CPU.ActiveCfg = Release|Any CPU
		{46040342-728C-44CA-BEF4-31671AA0B583}.Release|Any CPU.Build.0 = Release|Any CPU
	EndGlobalSection
	GlobalSection(SolutionProperties) = preSolution
		HideSolutionNode = FALSE
	EndGlobalSection
EndGlobal
